// !$*UTF8*$!
{
	archiveVersion = 1;
	classes = {
	};
	objectVersion = 46;
	objects = {

/* Begin PBXBuildFile section */
		8739A5141D73F37500539BE9 /* EntityFu.cpp in Sources */ = {isa = PBXBuildFile; fileRef = 8739A4EE1D73F37500539BE9 /* EntityFu.cpp */; settings = {ASSET_TAGS = (); }; };
		8739A5151D73F37500539BE9 /* Game.cpp in Sources */ = {isa = PBXBuildFile; fileRef = 8739A4F21D73F37500539BE9 /* Game.cpp */; settings = {ASSET_TAGS = (); }; };
		8739A5161D73F37500539BE9 /* GameState.cpp in Sources */ = {isa = PBXBuildFile; fileRef = 8739A4F51D73F37500539BE9 /* GameState.cpp */; settings = {ASSET_TAGS = (); }; };
		8739A5171D73F37500539BE9 /* GameStateManager.cpp in Sources */ = {isa = PBXBuildFile; fileRef = 8739A4F71D73F37500539BE9 /* GameStateManager.cpp */; settings = {ASSET_TAGS = (); }; };
		8739A5181D73F37500539BE9 /* Sprite.cpp in Sources */ = {isa = PBXBuildFile; fileRef = 8739A4FA1D73F37500539BE9 /* Sprite.cpp */; settings = {ASSET_TAGS = (); }; };
		8739A5191D73F37500539BE9 /* Logger.cpp in Sources */ = {isa = PBXBuildFile; fileRef = 8739A4FD1D73F37500539BE9 /* Logger.cpp */; settings = {ASSET_TAGS = (); }; };
		8739A51A1D73F37500539BE9 /* Rect.cpp in Sources */ = {isa = PBXBuildFile; fileRef = 8739A5001D73F37500539BE9 /* Rect.cpp */; settings = {ASSET_TAGS = (); }; };
		8739A51B1D73F37500539BE9 /* Size.cpp in Sources */ = {isa = PBXBuildFile; fileRef = 8739A5021D73F37500539BE9 /* Size.cpp */; settings = {ASSET_TAGS = (); }; };
		8739A51C1D73F37500539BE9 /* Vector.cpp in Sources */ = {isa = PBXBuildFile; fileRef = 8739A5041D73F37500539BE9 /* Vector.cpp */; settings = {ASSET_TAGS = (); }; };
		8739A51D1D73F37500539BE9 /* ComDefine.cpp in Sources */ = {isa = PBXBuildFile; fileRef = 8739A5081D73F37500539BE9 /* ComDefine.cpp */; settings = {ASSET_TAGS = (); }; };
		8739A51E1D73F37500539BE9 /* TestState.cpp in Sources */ = {isa = PBXBuildFile; fileRef = 8739A50D1D73F37500539BE9 /* TestState.cpp */; settings = {ASSET_TAGS = (); }; };
		8739A51F1D73F37500539BE9 /* SpriteSystem.cpp in Sources */ = {isa = PBXBuildFile; fileRef = 8739A5101D73F37500539BE9 /* SpriteSystem.cpp */; settings = {ASSET_TAGS = (); }; };
		8739A5201D73F37500539BE9 /* System.cpp in Sources */ = {isa = PBXBuildFile; fileRef = 8739A5121D73F37500539BE9 /* System.cpp */; settings = {ASSET_TAGS = (); }; };
		876918551D5813BC009918CB /* main.cpp in Sources */ = {isa = PBXBuildFile; fileRef = 876918531D5813BC009918CB /* main.cpp */; settings = {ASSET_TAGS = (); }; };
		876919101D588D71009918CB /* liballegro_acodec.5.0.11.dylib in Frameworks */ = {isa = PBXBuildFile; fileRef = 876919041D588D71009918CB /* liballegro_acodec.5.0.11.dylib */; };
		876919111D588D71009918CB /* liballegro_audio.5.0.11.dylib in Frameworks */ = {isa = PBXBuildFile; fileRef = 876919051D588D71009918CB /* liballegro_audio.5.0.11.dylib */; };
		876919121D588D71009918CB /* liballegro_color.5.0.11.dylib in Frameworks */ = {isa = PBXBuildFile; fileRef = 876919061D588D71009918CB /* liballegro_color.5.0.11.dylib */; };
		876919131D588D71009918CB /* liballegro_dialog.5.0.11.dylib in Frameworks */ = {isa = PBXBuildFile; fileRef = 876919071D588D71009918CB /* liballegro_dialog.5.0.11.dylib */; };
		876919141D588D71009918CB /* liballegro_font.5.0.11.dylib in Frameworks */ = {isa = PBXBuildFile; fileRef = 876919081D588D71009918CB /* liballegro_font.5.0.11.dylib */; };
		876919151D588D71009918CB /* liballegro_image.5.0.11.dylib in Frameworks */ = {isa = PBXBuildFile; fileRef = 876919091D588D71009918CB /* liballegro_image.5.0.11.dylib */; };
		876919161D588D71009918CB /* liballegro_main.5.0.11.dylib in Frameworks */ = {isa = PBXBuildFile; fileRef = 8769190A1D588D71009918CB /* liballegro_main.5.0.11.dylib */; };
		876919171D588D71009918CB /* liballegro_memfile.5.0.11.dylib in Frameworks */ = {isa = PBXBuildFile; fileRef = 8769190B1D588D71009918CB /* liballegro_memfile.5.0.11.dylib */; };
		876919181D588D71009918CB /* liballegro_physfs.5.0.11.dylib in Frameworks */ = {isa = PBXBuildFile; fileRef = 8769190C1D588D71009918CB /* liballegro_physfs.5.0.11.dylib */; };
		876919191D588D71009918CB /* liballegro_primitives.5.0.11.dylib in Frameworks */ = {isa = PBXBuildFile; fileRef = 8769190D1D588D71009918CB /* liballegro_primitives.5.0.11.dylib */; };
		8769191A1D588D71009918CB /* liballegro_ttf.5.0.11.dylib in Frameworks */ = {isa = PBXBuildFile; fileRef = 8769190E1D588D71009918CB /* liballegro_ttf.5.0.11.dylib */; };
		8769191B1D588D71009918CB /* liballegro.5.0.11.dylib in Frameworks */ = {isa = PBXBuildFile; fileRef = 8769190F1D588D71009918CB /* liballegro.5.0.11.dylib */; };
/* End PBXBuildFile section */

/* Begin PBXCopyFilesBuildPhase section */
		876918471D581339009918CB /* CopyFiles */ = {
			isa = PBXCopyFilesBuildPhase;
			buildActionMask = 2147483647;
			dstPath = /usr/share/man/man1/;
			dstSubfolderSpec = 0;
			files = (
			);
			runOnlyForDeploymentPostprocessing = 1;
		};
/* End PBXCopyFilesBuildPhase section */

/* Begin PBXFileReference section */
		8739A4EC1D73F37500539BE9 /* utils.h */ = {isa = PBXFileReference; fileEncoding = 4; lastKnownFileType = sourcecode.c.h; path = utils.h; sourceTree = "<group>"; };
		8739A4EE1D73F37500539BE9 /* EntityFu.cpp */ = {isa = PBXFileReference; fileEncoding = 4; lastKnownFileType = sourcecode.cpp.cpp; path = EntityFu.cpp; sourceTree = "<group>"; };
		8739A4EF1D73F37500539BE9 /* EntityFu.h */ = {isa = PBXFileReference; fileEncoding = 4; lastKnownFileType = sourcecode.c.h; path = EntityFu.h; sourceTree = "<group>"; };
		8739A4F01D73F37500539BE9 /* LICENSE */ = {isa = PBXFileReference; fileEncoding = 4; lastKnownFileType = text; path = LICENSE; sourceTree = "<group>"; };
		8739A4F21D73F37500539BE9 /* Game.cpp */ = {isa = PBXFileReference; fileEncoding = 4; lastKnownFileType = sourcecode.cpp.cpp; path = Game.cpp; sourceTree = "<group>"; };
		8739A4F31D73F37500539BE9 /* Game.h */ = {isa = PBXFileReference; fileEncoding = 4; lastKnownFileType = sourcecode.c.h; path = Game.h; sourceTree = "<group>"; };
		8739A4F51D73F37500539BE9 /* GameState.cpp */ = {isa = PBXFileReference; fileEncoding = 4; lastKnownFileType = sourcecode.cpp.cpp; path = GameState.cpp; sourceTree = "<group>"; };
		8739A4F61D73F37500539BE9 /* GameState.h */ = {isa = PBXFileReference; fileEncoding = 4; lastKnownFileType = sourcecode.c.h; path = GameState.h; sourceTree = "<group>"; };
		8739A4F71D73F37500539BE9 /* GameStateManager.cpp */ = {isa = PBXFileReference; fileEncoding = 4; lastKnownFileType = sourcecode.cpp.cpp; path = GameStateManager.cpp; sourceTree = "<group>"; };
		8739A4F81D73F37500539BE9 /* GameStateManager.h */ = {isa = PBXFileReference; fileEncoding = 4; lastKnownFileType = sourcecode.c.h; path = GameStateManager.h; sourceTree = "<group>"; };
		8739A4FA1D73F37500539BE9 /* Sprite.cpp */ = {isa = PBXFileReference; fileEncoding = 4; lastKnownFileType = sourcecode.cpp.cpp; path = Sprite.cpp; sourceTree = "<group>"; };
		8739A4FB1D73F37500539BE9 /* Sprite.h */ = {isa = PBXFileReference; fileEncoding = 4; lastKnownFileType = sourcecode.c.h; path = Sprite.h; sourceTree = "<group>"; };
		8739A4FD1D73F37500539BE9 /* Logger.cpp */ = {isa = PBXFileReference; fileEncoding = 4; lastKnownFileType = sourcecode.cpp.cpp; path = Logger.cpp; sourceTree = "<group>"; };
		8739A4FE1D73F37500539BE9 /* Logger.h */ = {isa = PBXFileReference; fileEncoding = 4; lastKnownFileType = sourcecode.c.h; path = Logger.h; sourceTree = "<group>"; };
		8739A5001D73F37500539BE9 /* Rect.cpp */ = {isa = PBXFileReference; fileEncoding = 4; lastKnownFileType = sourcecode.cpp.cpp; path = Rect.cpp; sourceTree = "<group>"; };
		8739A5011D73F37500539BE9 /* Rect.h */ = {isa = PBXFileReference; fileEncoding = 4; lastKnownFileType = sourcecode.c.h; path = Rect.h; sourceTree = "<group>"; };
		8739A5021D73F37500539BE9 /* Size.cpp */ = {isa = PBXFileReference; fileEncoding = 4; lastKnownFileType = sourcecode.cpp.cpp; path = Size.cpp; sourceTree = "<group>"; };
		8739A5031D73F37500539BE9 /* Size.h */ = {isa = PBXFileReference; fileEncoding = 4; lastKnownFileType = sourcecode.c.h; path = Size.h; sourceTree = "<group>"; };
		8739A5041D73F37500539BE9 /* Vector.cpp */ = {isa = PBXFileReference; fileEncoding = 4; lastKnownFileType = sourcecode.cpp.cpp; path = Vector.cpp; sourceTree = "<group>"; };
		8739A5051D73F37500539BE9 /* Vector.h */ = {isa = PBXFileReference; fileEncoding = 4; lastKnownFileType = sourcecode.c.h; path = Vector.h; sourceTree = "<group>"; };
		8739A5081D73F37500539BE9 /* ComDefine.cpp */ = {isa = PBXFileReference; fileEncoding = 4; lastKnownFileType = sourcecode.cpp.cpp; path = ComDefine.cpp; sourceTree = "<group>"; };
		8739A5091D73F37500539BE9 /* ComDefine.h */ = {isa = PBXFileReference; fileEncoding = 4; lastKnownFileType = sourcecode.c.h; path = ComDefine.h; sourceTree = "<group>"; };
		8739A50A1D73F37500539BE9 /* SpriteCom.h */ = {isa = PBXFileReference; fileEncoding = 4; lastKnownFileType = sourcecode.c.h; path = SpriteCom.h; sourceTree = "<group>"; };
		8739A50D1D73F37500539BE9 /* TestState.cpp */ = {isa = PBXFileReference; fileEncoding = 4; lastKnownFileType = sourcecode.cpp.cpp; path = TestState.cpp; sourceTree = "<group>"; wrapsLines = 1; };
		8739A50E1D73F37500539BE9 /* TestState.h */ = {isa = PBXFileReference; fileEncoding = 4; lastKnownFileType = sourcecode.c.h; path = TestState.h; sourceTree = "<group>"; };
		8739A5101D73F37500539BE9 /* SpriteSystem.cpp */ = {isa = PBXFileReference; fileEncoding = 4; lastKnownFileType = sourcecode.cpp.cpp; path = SpriteSystem.cpp; sourceTree = "<group>"; };
		8739A5111D73F37500539BE9 /* SpriteSystem.h */ = {isa = PBXFileReference; fileEncoding = 4; lastKnownFileType = sourcecode.c.h; path = SpriteSystem.h; sourceTree = "<group>"; };
		8739A5121D73F37500539BE9 /* System.cpp */ = {isa = PBXFileReference; fileEncoding = 4; lastKnownFileType = sourcecode.cpp.cpp; path = System.cpp; sourceTree = "<group>"; };
		8739A5131D73F37500539BE9 /* System.h */ = {isa = PBXFileReference; fileEncoding = 4; lastKnownFileType = sourcecode.c.h; path = System.h; sourceTree = "<group>"; };
		876918491D581339009918CB /* Changer */ = {isa = PBXFileReference; explicitFileType = "compiled.mach-o.executable"; includeInIndex = 0; path = Changer; sourceTree = BUILT_PRODUCTS_DIR; };
		876918531D5813BC009918CB /* main.cpp */ = {isa = PBXFileReference; fileEncoding = 4; lastKnownFileType = sourcecode.cpp.cpp; path = main.cpp; sourceTree = "<group>"; };
		876919041D588D71009918CB /* liballegro_acodec.5.0.11.dylib */ = {isa = PBXFileReference; lastKnownFileType = "compiled.mach-o.dylib"; name = liballegro_acodec.5.0.11.dylib; path = /usr/local/lib/liballegro_acodec.5.0.11.dylib; sourceTree = "<absolute>"; };
		876919051D588D71009918CB /* liballegro_audio.5.0.11.dylib */ = {isa = PBXFileReference; lastKnownFileType = "compiled.mach-o.dylib"; name = liballegro_audio.5.0.11.dylib; path = /usr/local/lib/liballegro_audio.5.0.11.dylib; sourceTree = "<absolute>"; };
		876919061D588D71009918CB /* liballegro_color.5.0.11.dylib */ = {isa = PBXFileReference; lastKnownFileType = "compiled.mach-o.dylib"; name = liballegro_color.5.0.11.dylib; path = /usr/local/lib/liballegro_color.5.0.11.dylib; sourceTree = "<absolute>"; };
		876919071D588D71009918CB /* liballegro_dialog.5.0.11.dylib */ = {isa = PBXFileReference; lastKnownFileType = "compiled.mach-o.dylib"; name = liballegro_dialog.5.0.11.dylib; path = /usr/local/lib/liballegro_dialog.5.0.11.dylib; sourceTree = "<absolute>"; };
		876919081D588D71009918CB /* liballegro_font.5.0.11.dylib */ = {isa = PBXFileReference; lastKnownFileType = "compiled.mach-o.dylib"; name = liballegro_font.5.0.11.dylib; path = /usr/local/lib/liballegro_font.5.0.11.dylib; sourceTree = "<absolute>"; };
		876919091D588D71009918CB /* liballegro_image.5.0.11.dylib */ = {isa = PBXFileReference; lastKnownFileType = "compiled.mach-o.dylib"; name = liballegro_image.5.0.11.dylib; path = /usr/local/lib/liballegro_image.5.0.11.dylib; sourceTree = "<absolute>"; };
		8769190A1D588D71009918CB /* liballegro_main.5.0.11.dylib */ = {isa = PBXFileReference; lastKnownFileType = "compiled.mach-o.dylib"; name = liballegro_main.5.0.11.dylib; path = /usr/local/lib/liballegro_main.5.0.11.dylib; sourceTree = "<absolute>"; };
		8769190B1D588D71009918CB /* liballegro_memfile.5.0.11.dylib */ = {isa = PBXFileReference; lastKnownFileType = "compiled.mach-o.dylib"; name = liballegro_memfile.5.0.11.dylib; path = /usr/local/lib/liballegro_memfile.5.0.11.dylib; sourceTree = "<absolute>"; };
		8769190C1D588D71009918CB /* liballegro_physfs.5.0.11.dylib */ = {isa = PBXFileReference; lastKnownFileType = "compiled.mach-o.dylib"; name = liballegro_physfs.5.0.11.dylib; path = /usr/local/lib/liballegro_physfs.5.0.11.dylib; sourceTree = "<absolute>"; };
		8769190D1D588D71009918CB /* liballegro_primitives.5.0.11.dylib */ = {isa = PBXFileReference; lastKnownFileType = "compiled.mach-o.dylib"; name = liballegro_primitives.5.0.11.dylib; path = /usr/local/lib/liballegro_primitives.5.0.11.dylib; sourceTree = "<absolute>"; };
		8769190E1D588D71009918CB /* liballegro_ttf.5.0.11.dylib */ = {isa = PBXFileReference; lastKnownFileType = "compiled.mach-o.dylib"; name = liballegro_ttf.5.0.11.dylib; path = /usr/local/lib/liballegro_ttf.5.0.11.dylib; sourceTree = "<absolute>"; };
		8769190F1D588D71009918CB /* liballegro.5.0.11.dylib */ = {isa = PBXFileReference; lastKnownFileType = "compiled.mach-o.dylib"; name = liballegro.5.0.11.dylib; path = /usr/local/lib/liballegro.5.0.11.dylib; sourceTree = "<absolute>"; };
		87950FD01D7541E6004CAB0E /* PositionCom.h */ = {isa = PBXFileReference; fileEncoding = 4; lastKnownFileType = sourcecode.c.h; path = PositionCom.h; sourceTree = "<group>"; };
/* End PBXFileReference section */

/* Begin PBXFrameworksBuildPhase section */
		876918461D581339009918CB /* Frameworks */ = {
			isa = PBXFrameworksBuildPhase;
			buildActionMask = 2147483647;
			files = (
				876919101D588D71009918CB /* liballegro_acodec.5.0.11.dylib in Frameworks */,
				876919111D588D71009918CB /* liballegro_audio.5.0.11.dylib in Frameworks */,
				876919121D588D71009918CB /* liballegro_color.5.0.11.dylib in Frameworks */,
				876919131D588D71009918CB /* liballegro_dialog.5.0.11.dylib in Frameworks */,
				876919141D588D71009918CB /* liballegro_font.5.0.11.dylib in Frameworks */,
				876919151D588D71009918CB /* liballegro_image.5.0.11.dylib in Frameworks */,
				876919161D588D71009918CB /* liballegro_main.5.0.11.dylib in Frameworks */,
				876919171D588D71009918CB /* liballegro_memfile.5.0.11.dylib in Frameworks */,
				876919181D588D71009918CB /* liballegro_physfs.5.0.11.dylib in Frameworks */,
				876919191D588D71009918CB /* liballegro_primitives.5.0.11.dylib in Frameworks */,
				8769191A1D588D71009918CB /* liballegro_ttf.5.0.11.dylib in Frameworks */,
				8769191B1D588D71009918CB /* liballegro.5.0.11.dylib in Frameworks */,
			);
			runOnlyForDeploymentPostprocessing = 0;
		};
/* End PBXFrameworksBuildPhase section */

/* Begin PBXGroup section */
		8739A4EA1D73F37500539BE9 /* Core */ = {
			isa = PBXGroup;
			children = (
				8739A4EB1D73F37500539BE9 /* Base */,
				8739A4ED1D73F37500539BE9 /* ECS */,
				8739A4F11D73F37500539BE9 /* Game */,
				8739A4F41D73F37500539BE9 /* GameState */,
				8739A4F91D73F37500539BE9 /* Grapics */,
				8739A4FC1D73F37500539BE9 /* Logger */,
				8739A4FF1D73F37500539BE9 /* Math */,
			);
			path = Core;
			sourceTree = "<group>";
		};
		8739A4EB1D73F37500539BE9 /* Base */ = {
			isa = PBXGroup;
			children = (
				8739A4EC1D73F37500539BE9 /* utils.h */,
			);
			path = Base;
			sourceTree = "<group>";
		};
		8739A4ED1D73F37500539BE9 /* ECS */ = {
			isa = PBXGroup;
			children = (
				8739A4EE1D73F37500539BE9 /* EntityFu.cpp */,
				8739A4EF1D73F37500539BE9 /* EntityFu.h */,
				8739A4F01D73F37500539BE9 /* LICENSE */,
			);
			path = ECS;
			sourceTree = "<group>";
		};
		8739A4F11D73F37500539BE9 /* Game */ = {
			isa = PBXGroup;
			children = (
				8739A4F21D73F37500539BE9 /* Game.cpp */,
				8739A4F31D73F37500539BE9 /* Game.h */,
			);
			path = Game;
			sourceTree = "<group>";
		};
		8739A4F41D73F37500539BE9 /* GameState */ = {
			isa = PBXGroup;
			children = (
				8739A4F51D73F37500539BE9 /* GameState.cpp */,
				8739A4F61D73F37500539BE9 /* GameState.h */,
				8739A4F71D73F37500539BE9 /* GameStateManager.cpp */,
				8739A4F81D73F37500539BE9 /* GameStateManager.h */,
			);
			path = GameState;
			sourceTree = "<group>";
		};
		8739A4F91D73F37500539BE9 /* Grapics */ = {
			isa = PBXGroup;
			children = (
				8739A4FA1D73F37500539BE9 /* Sprite.cpp */,
				8739A4FB1D73F37500539BE9 /* Sprite.h */,
			);
			path = Grapics;
			sourceTree = "<group>";
		};
		8739A4FC1D73F37500539BE9 /* Logger */ = {
			isa = PBXGroup;
			children = (
				8739A4FD1D73F37500539BE9 /* Logger.cpp */,
				8739A4FE1D73F37500539BE9 /* Logger.h */,
			);
			path = Logger;
			sourceTree = "<group>";
		};
		8739A4FF1D73F37500539BE9 /* Math */ = {
			isa = PBXGroup;
			children = (
				8739A5001D73F37500539BE9 /* Rect.cpp */,
				8739A5011D73F37500539BE9 /* Rect.h */,
				8739A5021D73F37500539BE9 /* Size.cpp */,
				8739A5031D73F37500539BE9 /* Size.h */,
				8739A5041D73F37500539BE9 /* Vector.cpp */,
				8739A5051D73F37500539BE9 /* Vector.h */,
			);
			path = Math;
			sourceTree = "<group>";
		};
		8739A5061D73F37500539BE9 /* Game */ = {
			isa = PBXGroup;
			children = (
				8739A5071D73F37500539BE9 /* Component */,
				8739A50B1D73F37500539BE9 /* Entities */,
				8739A50C1D73F37500539BE9 /* GameState */,
				8739A50F1D73F37500539BE9 /* System */,
			);
			path = Game;
			sourceTree = "<group>";
		};
		8739A5071D73F37500539BE9 /* Component */ = {
			isa = PBXGroup;
			children = (
				87950FD01D7541E6004CAB0E /* PositionCom.h */,
				8739A5081D73F37500539BE9 /* ComDefine.cpp */,
				8739A5091D73F37500539BE9 /* ComDefine.h */,
				8739A50A1D73F37500539BE9 /* SpriteCom.h */,
			);
			path = Component;
			sourceTree = "<group>";
		};
		8739A50B1D73F37500539BE9 /* Entities */ = {
			isa = PBXGroup;
			children = (
			);
			path = Entities;
			sourceTree = "<group>";
		};
		8739A50C1D73F37500539BE9 /* GameState */ = {
			isa = PBXGroup;
			children = (
				8739A50D1D73F37500539BE9 /* TestState.cpp */,
				8739A50E1D73F37500539BE9 /* TestState.h */,
			);
			path = GameState;
			sourceTree = "<group>";
		};
		8739A50F1D73F37500539BE9 /* System */ = {
			isa = PBXGroup;
			children = (
				8739A5101D73F37500539BE9 /* SpriteSystem.cpp */,
				8739A5111D73F37500539BE9 /* SpriteSystem.h */,
				8739A5121D73F37500539BE9 /* System.cpp */,
				8739A5131D73F37500539BE9 /* System.h */,
			);
			path = System;
			sourceTree = "<group>";
		};
		876918401D581339009918CB = {
			isa = PBXGroup;
			children = (
				876919231D59A292009918CB /* src */,
				876918531D5813BC009918CB /* main.cpp */,
				8769186E1D5814AE009918CB /* libs */,
				8769184A1D581339009918CB /* Products */,
			);
			sourceTree = "<group>";
		};
		8769184A1D581339009918CB /* Products */ = {
			isa = PBXGroup;
			children = (
				876918491D581339009918CB /* Changer */,
			);
			name = Products;
			sourceTree = "<group>";
		};
		8769186E1D5814AE009918CB /* libs */ = {
			isa = PBXGroup;
			children = (
				876919041D588D71009918CB /* liballegro_acodec.5.0.11.dylib */,
				876919051D588D71009918CB /* liballegro_audio.5.0.11.dylib */,
				876919061D588D71009918CB /* liballegro_color.5.0.11.dylib */,
				876919071D588D71009918CB /* liballegro_dialog.5.0.11.dylib */,
				876919081D588D71009918CB /* liballegro_font.5.0.11.dylib */,
				876919091D588D71009918CB /* liballegro_image.5.0.11.dylib */,
				8769190A1D588D71009918CB /* liballegro_main.5.0.11.dylib */,
				8769190B1D588D71009918CB /* liballegro_memfile.5.0.11.dylib */,
				8769190C1D588D71009918CB /* liballegro_physfs.5.0.11.dylib */,
				8769190D1D588D71009918CB /* liballegro_primitives.5.0.11.dylib */,
				8769190E1D588D71009918CB /* liballegro_ttf.5.0.11.dylib */,
				8769190F1D588D71009918CB /* liballegro.5.0.11.dylib */,
			);
			name = libs;
			sourceTree = "<group>";
		};
		876919231D59A292009918CB /* src */ = {
			isa = PBXGroup;
			children = (
				8739A4EA1D73F37500539BE9 /* Core */,
				8739A5061D73F37500539BE9 /* Game */,
			);
			name = src;
			path = ../src;
			sourceTree = "<group>";
		};
/* End PBXGroup section */

/* Begin PBXNativeTarget section */
		876918481D581339009918CB /* Changer */ = {
			isa = PBXNativeTarget;
			buildConfigurationList = 876918501D581339009918CB /* Build configuration list for PBXNativeTarget "Changer" */;
			buildPhases = (
				876918451D581339009918CB /* Sources */,
				876918461D581339009918CB /* Frameworks */,
				876918471D581339009918CB /* CopyFiles */,
			);
			buildRules = (
			);
			dependencies = (
			);
			name = Changer;
			productName = Changer;
			productReference = 876918491D581339009918CB /* Changer */;
			productType = "com.apple.product-type.tool";
		};
/* End PBXNativeTarget section */

/* Begin PBXProject section */
		876918411D581339009918CB /* Project object */ = {
			isa = PBXProject;
			attributes = {
				LastUpgradeCheck = 0700;
				ORGANIZATIONNAME = WilhanTian;
				TargetAttributes = {
					876918481D581339009918CB = {
						CreatedOnToolsVersion = 7.0.1;
					};
				};
			};
			buildConfigurationList = 876918441D581339009918CB /* Build configuration list for PBXProject "Changer" */;
			compatibilityVersion = "Xcode 3.2";
			developmentRegion = English;
			hasScannedForEncodings = 0;
			knownRegions = (
				en,
			);
			mainGroup = 876918401D581339009918CB;
			productRefGroup = 8769184A1D581339009918CB /* Products */;
			projectDirPath = "";
			projectRoot = "";
			targets = (
				876918481D581339009918CB /* Changer */,
			);
		};
/* End PBXProject section */

/* Begin PBXSourcesBuildPhase section */
		876918451D581339009918CB /* Sources */ = {
			isa = PBXSourcesBuildPhase;
			buildActionMask = 2147483647;
			files = (
				8739A5201D73F37500539BE9 /* System.cpp in Sources */,
				8739A51F1D73F37500539BE9 /* SpriteSystem.cpp in Sources */,
				8739A51B1D73F37500539BE9 /* Size.cpp in Sources */,
				8739A51D1D73F37500539BE9 /* ComDefine.cpp in Sources */,
				8739A5151D73F37500539BE9 /* Game.cpp in Sources */,
				8739A51C1D73F37500539BE9 /* Vector.cpp in Sources */,
				8739A5191D73F37500539BE9 /* Logger.cpp in Sources */,
				8739A5161D73F37500539BE9 /* GameState.cpp in Sources */,
				8739A5181D73F37500539BE9 /* Sprite.cpp in Sources */,
				8739A51E1D73F37500539BE9 /* TestState.cpp in Sources */,
				876918551D5813BC009918CB /* main.cpp in Sources */,
				8739A5141D73F37500539BE9 /* EntityFu.cpp in Sources */,
				8739A5171D73F37500539BE9 /* GameStateManager.cpp in Sources */,
				8739A51A1D73F37500539BE9 /* Rect.cpp in Sources */,
			);
			runOnlyForDeploymentPostprocessing = 0;
		};
/* End PBXSourcesBuildPhase section */

/* Begin XCBuildConfiguration section */
		8769184E1D581339009918CB /* Debug */ = {
			isa = XCBuildConfiguration;
			buildSettings = {
				ALWAYS_SEARCH_USER_PATHS = NO;
				CLANG_CXX_LANGUAGE_STANDARD = "gnu++0x";
				CLANG_CXX_LIBRARY = "libc++";
				CLANG_ENABLE_MODULES = YES;
				CLANG_ENABLE_OBJC_ARC = YES;
				CLANG_WARN_BOOL_CONVERSION = YES;
				CLANG_WARN_CONSTANT_CONVERSION = YES;
				CLANG_WARN_DIRECT_OBJC_ISA_USAGE = YES_ERROR;
				CLANG_WARN_EMPTY_BODY = YES;
				CLANG_WARN_ENUM_CONVERSION = YES;
				CLANG_WARN_INT_CONVERSION = YES;
				CLANG_WARN_OBJC_ROOT_CLASS = YES_ERROR;
				CLANG_WARN_UNREACHABLE_CODE = YES;
				CLANG_WARN__DUPLICATE_METHOD_MATCH = YES;
				COPY_PHASE_STRIP = NO;
				DEBUG_INFORMATION_FORMAT = dwarf;
				ENABLE_STRICT_OBJC_MSGSEND = YES;
				ENABLE_TESTABILITY = YES;
				GCC_C_LANGUAGE_STANDARD = gnu99;
				GCC_DYNAMIC_NO_PIC = NO;
				GCC_NO_COMMON_BLOCKS = YES;
				GCC_OPTIMIZATION_LEVEL = 0;
				GCC_PREPROCESSOR_DEFINITIONS = (
					"DEBUG=1",
					"$(inherited)",
				);
				GCC_WARN_64_TO_32_BIT_CONVERSION = YES;
				GCC_WARN_ABOUT_RETURN_TYPE = YES_ERROR;
				GCC_WARN_UNDECLARED_SELECTOR = YES;
				GCC_WARN_UNINITIALIZED_AUTOS = YES_AGGRESSIVE;
				GCC_WARN_UNUSED_FUNCTION = YES;
				GCC_WARN_UNUSED_VARIABLE = YES;
				MACOSX_DEPLOYMENT_TARGET = 10.11;
				MTL_ENABLE_DEBUG_INFO = YES;
				ONLY_ACTIVE_ARCH = YES;
				SDKROOT = macosx;
			};
			name = Debug;
		};
		8769184F1D581339009918CB /* Release */ = {
			isa = XCBuildConfiguration;
			buildSettings = {
				ALWAYS_SEARCH_USER_PATHS = NO;
				CLANG_CXX_LANGUAGE_STANDARD = "gnu++0x";
				CLANG_CXX_LIBRARY = "libc++";
				CLANG_ENABLE_MODULES = YES;
				CLANG_ENABLE_OBJC_ARC = YES;
				CLANG_WARN_BOOL_CONVERSION = YES;
				CLANG_WARN_CONSTANT_CONVERSION = YES;
				CLANG_WARN_DIRECT_OBJC_ISA_USAGE = YES_ERROR;
				CLANG_WARN_EMPTY_BODY = YES;
				CLANG_WARN_ENUM_CONVERSION = YES;
				CLANG_WARN_INT_CONVERSION = YES;
				CLANG_WARN_OBJC_ROOT_CLASS = YES_ERROR;
				CLANG_WARN_UNREACHABLE_CODE = YES;
				CLANG_WARN__DUPLICATE_METHOD_MATCH = YES;
				COPY_PHASE_STRIP = NO;
				DEBUG_INFORMATION_FORMAT = "dwarf-with-dsym";
				ENABLE_NS_ASSERTIONS = NO;
				ENABLE_STRICT_OBJC_MSGSEND = YES;
				GCC_C_LANGUAGE_STANDARD = gnu99;
				GCC_NO_COMMON_BLOCKS = YES;
				GCC_WARN_64_TO_32_BIT_CONVERSION = YES;
				GCC_WARN_ABOUT_RETURN_TYPE = YES_ERROR;
				GCC_WARN_UNDECLARED_SELECTOR = YES;
				GCC_WARN_UNINITIALIZED_AUTOS = YES_AGGRESSIVE;
				GCC_WARN_UNUSED_FUNCTION = YES;
				GCC_WARN_UNUSED_VARIABLE = YES;
				MACOSX_DEPLOYMENT_TARGET = 10.11;
				MTL_ENABLE_DEBUG_INFO = NO;
				SDKROOT = macosx;
			};
			name = Release;
		};
		876918511D581339009918CB /* Debug */ = {
			isa = XCBuildConfiguration;
			buildSettings = {
				HEADER_SEARCH_PATHS = /usr/local/include;
				LIBRARY_SEARCH_PATHS = /usr/local/lib;
				PRODUCT_NAME = "$(TARGET_NAME)";
				USER_HEADER_SEARCH_PATHS = "\"$(SRCROOT)/../src\"";
			};
			name = Debug;
		};
		876918521D581339009918CB /* Release */ = {
			isa = XCBuildConfiguration;
			buildSettings = {
				HEADER_SEARCH_PATHS = /usr/local/include;
				LIBRARY_SEARCH_PATHS = /usr/local/lib;
				PRODUCT_NAME = "$(TARGET_NAME)";
				USER_HEADER_SEARCH_PATHS = "\"$(SRCROOT)/../src\"";
			};
			name = Release;
		};
/* End XCBuildConfiguration section */

/* Begin XCConfigurationList section */
		876918441D581339009918CB /* Build configuration list for PBXProject "Changer" */ = {
			isa = XCConfigurationList;
			buildConfigurations = (
				8769184E1D581339009918CB /* Debug */,
				8769184F1D581339009918CB /* Release */,
			);
			defaultConfigurationIsVisible = 0;
			defaultConfigurationName = Release;
		};
		876918501D581339009918CB /* Build configuration list for PBXNativeTarget "Changer" */ = {
			isa = XCConfigurationList;
			buildConfigurations = (
				876918511D581339009918CB /* Debug */,
				876918521D581339009918CB /* Release */,
			);
			defaultConfigurationIsVisible = 0;
			defaultConfigurationName = Release;
		};
/* End XCConfigurationList section */
	};
	rootObject = 876918411D581339009918CB /* Project object */;
}
