<?xml version="1.0" encoding="utf-8"?>
<Project ToolsVersion="4.0" xmlns="http://schemas.microsoft.com/developer/msbuild/2003">
  <ItemGroup>
    <Filter Include="src">
      <UniqueIdentifier>{d32f49a1-4945-4fad-809b-a53172b22742}</UniqueIdentifier>
    </Filter>
    <Filter Include="src\Core">
      <UniqueIdentifier>{850e9bc6-3539-4258-b9e7-0fb77689e267}</UniqueIdentifier>
    </Filter>
    <Filter Include="src\Game">
      <UniqueIdentifier>{7e7c2c67-0a3c-47aa-9094-88bf95a5d875}</UniqueIdentifier>
    </Filter>
    <Filter Include="src\Core\ECS">
      <UniqueIdentifier>{ea5f6977-752c-4019-b68f-0070aa7800ee}</UniqueIdentifier>
    </Filter>
    <Filter Include="src\Core\Game">
      <UniqueIdentifier>{3d9c42d6-9b3a-4d58-acae-66cd0772e42f}</UniqueIdentifier>
    </Filter>
    <Filter Include="src\Core\GameState">
      <UniqueIdentifier>{271e9703-3937-4b9b-9a52-3bd303e8b390}</UniqueIdentifier>
    </Filter>
    <Filter Include="src\Core\Logger">
      <UniqueIdentifier>{d2f54051-18cc-42b9-98a1-1693b161eca4}</UniqueIdentifier>
    </Filter>
    <Filter Include="src\Core\Math">
      <UniqueIdentifier>{1e1f494e-d4c6-4805-963e-45ad1df4eb7f}</UniqueIdentifier>
    </Filter>
    <Filter Include="src\Game\Component">
      <UniqueIdentifier>{0fcd0dcc-c0bb-4a4c-8a84-7834c6e04334}</UniqueIdentifier>
    </Filter>
    <Filter Include="src\Game\GameState">
      <UniqueIdentifier>{f1e3e772-2f51-4739-b8ac-cc9583c4ff4b}</UniqueIdentifier>
    </Filter>
    <Filter Include="src\Game\System">
      <UniqueIdentifier>{9feb9709-9b3f-47b9-98c9-bdbc71f52924}</UniqueIdentifier>
    </Filter>
    <Filter Include="src\Game\Entity">
      <UniqueIdentifier>{7788f81c-d798-49cd-b3bd-02b77fbe5687}</UniqueIdentifier>
    </Filter>
    <Filter Include="src\Core\Grapics">
      <UniqueIdentifier>{1daa617c-60a6-45dc-9843-116bc4baff4a}</UniqueIdentifier>
    </Filter>
    <Filter Include="src\Core\Base">
      <UniqueIdentifier>{a2aa826b-8a24-4266-8629-035cb49f6187}</UniqueIdentifier>
    </Filter>
    <Filter Include="third-party">
      <UniqueIdentifier>{7eefc99a-6f61-416c-b463-49267692f5a3}</UniqueIdentifier>
    </Filter>
    <Filter Include="third-party\Box2D">
      <UniqueIdentifier>{c97b98c0-6fda-4e48-8516-b2435b2fd6e0}</UniqueIdentifier>
    </Filter>
    <Filter Include="third-party\Box2D\Rope">
      <UniqueIdentifier>{1d7380c4-0154-4c4c-9144-2e176c2e4cd3}</UniqueIdentifier>
    </Filter>
    <Filter Include="third-party\Box2D\Collision">
      <UniqueIdentifier>{1c8b3a1b-226e-4ed7-9e45-a139619e794c}</UniqueIdentifier>
    </Filter>
    <Filter Include="third-party\Box2D\Common">
      <UniqueIdentifier>{02ae759d-7c8b-4b45-9a40-9f4c696eb155}</UniqueIdentifier>
    </Filter>
    <Filter Include="third-party\Box2D\Dynamics">
      <UniqueIdentifier>{1e225201-141b-4d0a-8086-eb9cda368828}</UniqueIdentifier>
    </Filter>
    <Filter Include="third-party\Box2D\Collision\Shapes">
      <UniqueIdentifier>{bd9b2821-cd2d-426e-bb62-840f6dba024d}</UniqueIdentifier>
    </Filter>
    <Filter Include="third-party\Box2D\Dynamics\Contacts">
      <UniqueIdentifier>{5fee933e-095b-4b2b-96b0-1a72ad18f2be}</UniqueIdentifier>
    </Filter>
    <Filter Include="third-party\Box2D\Dynamics\Joints">
      <UniqueIdentifier>{df179fb4-ca06-4398-83d3-15284c541970}</UniqueIdentifier>
    </Filter>
    <Filter Include="src\Core\Event">
      <UniqueIdentifier>{cbd823aa-7160-4038-9773-b285f1a901f7}</UniqueIdentifier>
    </Filter>
    <Filter Include="third-party\rapidjson">
      <UniqueIdentifier>{6945aacb-934d-44cf-beb1-c106c3c5bf63}</UniqueIdentifier>
    </Filter>
    <Filter Include="third-party\rapidjson\error">
      <UniqueIdentifier>{2da32c11-8ef2-466d-a27a-ab62dc800ad3}</UniqueIdentifier>
    </Filter>
    <Filter Include="third-party\rapidjson\msinttypes">
      <UniqueIdentifier>{9bb3e966-f765-4bad-b9a2-8065096a9327}</UniqueIdentifier>
    </Filter>
    <Filter Include="third-party\rapidjson\internal">
      <UniqueIdentifier>{70d9d576-7268-480a-abe5-f3279aa87f24}</UniqueIdentifier>
    </Filter>
  </ItemGroup>
  <ItemGroup>
    <ClCompile Include="main.cpp" />
    <ClCompile Include="..\src\Core\ECS\EntityFu.cpp">
      <Filter>src\Core\ECS</Filter>
    </ClCompile>
    <ClCompile Include="..\src\Core\Game\Game.cpp">
      <Filter>src\Core\Game</Filter>
    </ClCompile>
    <ClCompile Include="..\src\Core\GameState\GameStateManager.cpp">
      <Filter>src\Core\GameState</Filter>
    </ClCompile>
    <ClCompile Include="..\src\Core\GameState\GameState.cpp">
      <Filter>src\Core\GameState</Filter>
    </ClCompile>
    <ClCompile Include="..\src\Core\Logger\Logger.cpp">
      <Filter>src\Core\Logger</Filter>
    </ClCompile>
    <ClCompile Include="..\src\Core\Math\Rect.cpp">
      <Filter>src\Core\Math</Filter>
    </ClCompile>
    <ClCompile Include="..\src\Core\Math\Size.cpp">
      <Filter>src\Core\Math</Filter>
    </ClCompile>
    <ClCompile Include="..\src\Core\Math\Vector.cpp">
      <Filter>src\Core\Math</Filter>
    </ClCompile>
    <ClCompile Include="..\src\Game\GameState\TestState.cpp">
      <Filter>src\Game\GameState</Filter>
    </ClCompile>
    <ClCompile Include="..\src\Core\Grapics\Sprite.cpp">
      <Filter>src\Core\Grapics</Filter>
    </ClCompile>
    <ClCompile Include="..\src\Game\Component\ComDefine.cpp">
      <Filter>src\Game\Component</Filter>
    </ClCompile>
    <ClCompile Include="..\src\Core\Grapics\Grapics.cpp">
      <Filter>src\Core\Grapics</Filter>
    </ClCompile>
    <ClCompile Include="..\third-party\Box2D\Box2dRender.cpp">
      <Filter>third-party\Box2D</Filter>
    </ClCompile>
    <ClCompile Include="..\third-party\Box2D\Rope\b2Rope.cpp">
      <Filter>third-party\Box2D\Rope</Filter>
    </ClCompile>
    <ClCompile Include="..\third-party\Box2D\Collision\Shapes\b2PolygonShape.cpp">
      <Filter>third-party\Box2D\Collision\Shapes</Filter>
    </ClCompile>
    <ClCompile Include="..\third-party\Box2D\Collision\Shapes\b2ChainShape.cpp">
      <Filter>third-party\Box2D\Collision\Shapes</Filter>
    </ClCompile>
    <ClCompile Include="..\third-party\Box2D\Collision\Shapes\b2CircleShape.cpp">
      <Filter>third-party\Box2D\Collision\Shapes</Filter>
    </ClCompile>
    <ClCompile Include="..\third-party\Box2D\Collision\Shapes\b2EdgeShape.cpp">
      <Filter>third-party\Box2D\Collision\Shapes</Filter>
    </ClCompile>
    <ClCompile Include="..\third-party\Box2D\Collision\b2BroadPhase.cpp">
      <Filter>third-party\Box2D\Collision</Filter>
    </ClCompile>
    <ClCompile Include="..\third-party\Box2D\Collision\b2CollideCircle.cpp">
      <Filter>third-party\Box2D\Collision</Filter>
    </ClCompile>
    <ClCompile Include="..\third-party\Box2D\Collision\b2CollideEdge.cpp">
      <Filter>third-party\Box2D\Collision</Filter>
    </ClCompile>
    <ClCompile Include="..\third-party\Box2D\Collision\b2CollidePolygon.cpp">
      <Filter>third-party\Box2D\Collision</Filter>
    </ClCompile>
    <ClCompile Include="..\third-party\Box2D\Collision\b2Collision.cpp">
      <Filter>third-party\Box2D\Collision</Filter>
    </ClCompile>
    <ClCompile Include="..\third-party\Box2D\Collision\b2Distance.cpp">
      <Filter>third-party\Box2D\Collision</Filter>
    </ClCompile>
    <ClCompile Include="..\third-party\Box2D\Collision\b2DynamicTree.cpp">
      <Filter>third-party\Box2D\Collision</Filter>
    </ClCompile>
    <ClCompile Include="..\third-party\Box2D\Collision\b2TimeOfImpact.cpp">
      <Filter>third-party\Box2D\Collision</Filter>
    </ClCompile>
    <ClCompile Include="..\third-party\Box2D\Common\b2Settings.cpp">
      <Filter>third-party\Box2D\Common</Filter>
    </ClCompile>
    <ClCompile Include="..\third-party\Box2D\Common\b2StackAllocator.cpp">
      <Filter>third-party\Box2D\Common</Filter>
    </ClCompile>
    <ClCompile Include="..\third-party\Box2D\Common\b2Timer.cpp">
      <Filter>third-party\Box2D\Common</Filter>
    </ClCompile>
    <ClCompile Include="..\third-party\Box2D\Common\b2BlockAllocator.cpp">
      <Filter>third-party\Box2D\Common</Filter>
    </ClCompile>
    <ClCompile Include="..\third-party\Box2D\Common\b2Draw.cpp">
      <Filter>third-party\Box2D\Common</Filter>
    </ClCompile>
    <ClCompile Include="..\third-party\Box2D\Common\b2Math.cpp">
      <Filter>third-party\Box2D\Common</Filter>
    </ClCompile>
    <ClCompile Include="..\third-party\Box2D\Dynamics\Contacts\b2ContactSolver.cpp">
      <Filter>third-party\Box2D\Dynamics\Contacts</Filter>
    </ClCompile>
    <ClCompile Include="..\third-party\Box2D\Dynamics\Contacts\b2EdgeAndCircleContact.cpp">
      <Filter>third-party\Box2D\Dynamics\Contacts</Filter>
    </ClCompile>
    <ClCompile Include="..\third-party\Box2D\Dynamics\Contacts\b2EdgeAndPolygonContact.cpp">
      <Filter>third-party\Box2D\Dynamics\Contacts</Filter>
    </ClCompile>
    <ClCompile Include="..\third-party\Box2D\Dynamics\Contacts\b2PolygonAndCircleContact.cpp">
      <Filter>third-party\Box2D\Dynamics\Contacts</Filter>
    </ClCompile>
    <ClCompile Include="..\third-party\Box2D\Dynamics\Contacts\b2PolygonContact.cpp">
      <Filter>third-party\Box2D\Dynamics\Contacts</Filter>
    </ClCompile>
    <ClCompile Include="..\third-party\Box2D\Dynamics\Contacts\b2ChainAndCircleContact.cpp">
      <Filter>third-party\Box2D\Dynamics\Contacts</Filter>
    </ClCompile>
    <ClCompile Include="..\third-party\Box2D\Dynamics\Contacts\b2ChainAndPolygonContact.cpp">
      <Filter>third-party\Box2D\Dynamics\Contacts</Filter>
    </ClCompile>
    <ClCompile Include="..\third-party\Box2D\Dynamics\Contacts\b2CircleContact.cpp">
      <Filter>third-party\Box2D\Dynamics\Contacts</Filter>
    </ClCompile>
    <ClCompile Include="..\third-party\Box2D\Dynamics\Contacts\b2Contact.cpp">
      <Filter>third-party\Box2D\Dynamics\Contacts</Filter>
    </ClCompile>
    <ClCompile Include="..\third-party\Box2D\Dynamics\Joints\b2Joint.cpp">
      <Filter>third-party\Box2D\Dynamics\Joints</Filter>
    </ClCompile>
    <ClCompile Include="..\third-party\Box2D\Dynamics\Joints\b2MotorJoint.cpp">
      <Filter>third-party\Box2D\Dynamics\Joints</Filter>
    </ClCompile>
    <ClCompile Include="..\third-party\Box2D\Dynamics\Joints\b2MouseJoint.cpp">
      <Filter>third-party\Box2D\Dynamics\Joints</Filter>
    </ClCompile>
    <ClCompile Include="..\third-party\Box2D\Dynamics\Joints\b2PrismaticJoint.cpp">
      <Filter>third-party\Box2D\Dynamics\Joints</Filter>
    </ClCompile>
    <ClCompile Include="..\third-party\Box2D\Dynamics\Joints\b2PulleyJoint.cpp">
      <Filter>third-party\Box2D\Dynamics\Joints</Filter>
    </ClCompile>
    <ClCompile Include="..\third-party\Box2D\Dynamics\Joints\b2RevoluteJoint.cpp">
      <Filter>third-party\Box2D\Dynamics\Joints</Filter>
    </ClCompile>
    <ClCompile Include="..\third-party\Box2D\Dynamics\Joints\b2RopeJoint.cpp">
      <Filter>third-party\Box2D\Dynamics\Joints</Filter>
    </ClCompile>
    <ClCompile Include="..\third-party\Box2D\Dynamics\Joints\b2WeldJoint.cpp">
      <Filter>third-party\Box2D\Dynamics\Joints</Filter>
    </ClCompile>
    <ClCompile Include="..\third-party\Box2D\Dynamics\Joints\b2WheelJoint.cpp">
      <Filter>third-party\Box2D\Dynamics\Joints</Filter>
    </ClCompile>
    <ClCompile Include="..\third-party\Box2D\Dynamics\Joints\b2DistanceJoint.cpp">
      <Filter>third-party\Box2D\Dynamics\Joints</Filter>
    </ClCompile>
    <ClCompile Include="..\third-party\Box2D\Dynamics\Joints\b2FrictionJoint.cpp">
      <Filter>third-party\Box2D\Dynamics\Joints</Filter>
    </ClCompile>
    <ClCompile Include="..\third-party\Box2D\Dynamics\Joints\b2GearJoint.cpp">
      <Filter>third-party\Box2D\Dynamics\Joints</Filter>
    </ClCompile>
    <ClCompile Include="..\third-party\Box2D\Dynamics\b2World.cpp">
      <Filter>third-party\Box2D\Dynamics</Filter>
    </ClCompile>
    <ClCompile Include="..\third-party\Box2D\Dynamics\b2WorldCallbacks.cpp">
      <Filter>third-party\Box2D\Dynamics</Filter>
    </ClCompile>
    <ClCompile Include="..\third-party\Box2D\Dynamics\b2Body.cpp">
      <Filter>third-party\Box2D\Dynamics</Filter>
    </ClCompile>
    <ClCompile Include="..\third-party\Box2D\Dynamics\b2ContactManager.cpp">
      <Filter>third-party\Box2D\Dynamics</Filter>
    </ClCompile>
    <ClCompile Include="..\third-party\Box2D\Dynamics\b2Fixture.cpp">
      <Filter>third-party\Box2D\Dynamics</Filter>
    </ClCompile>
    <ClCompile Include="..\third-party\Box2D\Dynamics\b2Island.cpp">
      <Filter>third-party\Box2D\Dynamics</Filter>
    </ClCompile>
    <ClCompile Include="..\src\Core\Event\EventWh.cpp">
      <Filter>src\Core\Event</Filter>
    </ClCompile>
    <ClCompile Include="..\src\Game\System\RenderSystem.cpp">
      <Filter>src\Game\System</Filter>
    </ClCompile>
    <ClCompile Include="..\src\Game\System\CollectionSystem.cpp">
      <Filter>src\Game\System</Filter>
    </ClCompile>
    <ClCompile Include="..\src\Game\System\MoveSystem.cpp">
      <Filter>src\Game\System</Filter>
    </ClCompile>
    <ClCompile Include="..\src\Game\System\InputSystem.cpp">
      <Filter>src\Game\System</Filter>
    </ClCompile>
  </ItemGroup>
  <ItemGroup>
    <None Include="packages.config" />
  </ItemGroup>
  <ItemGroup>
    <ClInclude Include="..\src\Core\ECS\EntityFu.h">
      <Filter>src\Core\ECS</Filter>
    </ClInclude>
    <ClInclude Include="..\src\Core\Game\Game.h">
      <Filter>src\Core\Game</Filter>
    </ClInclude>
    <ClInclude Include="..\src\Core\GameState\GameStateManager.h">
      <Filter>src\Core\GameState</Filter>
    </ClInclude>
    <ClInclude Include="..\src\Core\GameState\GameState.h">
      <Filter>src\Core\GameState</Filter>
    </ClInclude>
    <ClInclude Include="..\src\Core\Logger\Logger.h">
      <Filter>src\Core\Logger</Filter>
    </ClInclude>
    <ClInclude Include="..\src\Core\Math\Vector.h">
      <Filter>src\Core\Math</Filter>
    </ClInclude>
    <ClInclude Include="..\src\Core\Math\Rect.h">
      <Filter>src\Core\Math</Filter>
    </ClInclude>
    <ClInclude Include="..\src\Core\Math\Size.h">
      <Filter>src\Core\Math</Filter>
    </ClInclude>
    <ClInclude Include="..\src\Game\GameState\TestState.h">
      <Filter>src\Game\GameState</Filter>
    </ClInclude>
    <ClInclude Include="..\src\Core\Base\utils.h">
      <Filter>src\Core\Base</Filter>
    </ClInclude>
    <ClInclude Include="..\src\Core\Grapics\Sprite.h">
      <Filter>src\Core\Grapics</Filter>
    </ClInclude>
    <ClInclude Include="..\src\Game\Component\ComDefine.h">
      <Filter>src\Game\Component</Filter>
    </ClInclude>
    <ClInclude Include="..\src\Core\Grapics\Grapics.h">
      <Filter>src\Core\Grapics</Filter>
    </ClInclude>
    <ClInclude Include="..\third-party\Box2D\Box2D.h">
      <Filter>third-party\Box2D</Filter>
    </ClInclude>
    <ClInclude Include="..\third-party\Box2D\Box2dRender.h">
      <Filter>third-party\Box2D</Filter>
    </ClInclude>
    <ClInclude Include="..\third-party\Box2D\Rope\b2Rope.h">
      <Filter>third-party\Box2D\Rope</Filter>
    </ClInclude>
    <ClInclude Include="..\third-party\Box2D\Collision\Shapes\b2EdgeShape.h">
      <Filter>third-party\Box2D\Collision\Shapes</Filter>
    </ClInclude>
    <ClInclude Include="..\third-party\Box2D\Collision\Shapes\b2PolygonShape.h">
      <Filter>third-party\Box2D\Collision\Shapes</Filter>
    </ClInclude>
    <ClInclude Include="..\third-party\Box2D\Collision\Shapes\b2Shape.h">
      <Filter>third-party\Box2D\Collision\Shapes</Filter>
    </ClInclude>
    <ClInclude Include="..\third-party\Box2D\Collision\Shapes\b2ChainShape.h">
      <Filter>third-party\Box2D\Collision\Shapes</Filter>
    </ClInclude>
    <ClInclude Include="..\third-party\Box2D\Collision\Shapes\b2CircleShape.h">
      <Filter>third-party\Box2D\Collision\Shapes</Filter>
    </ClInclude>
    <ClInclude Include="..\third-party\Box2D\Collision\b2BroadPhase.h">
      <Filter>third-party\Box2D\Collision</Filter>
    </ClInclude>
    <ClInclude Include="..\third-party\Box2D\Collision\b2Collision.h">
      <Filter>third-party\Box2D\Collision</Filter>
    </ClInclude>
    <ClInclude Include="..\third-party\Box2D\Collision\b2Distance.h">
      <Filter>third-party\Box2D\Collision</Filter>
    </ClInclude>
    <ClInclude Include="..\third-party\Box2D\Collision\b2DynamicTree.h">
      <Filter>third-party\Box2D\Collision</Filter>
    </ClInclude>
    <ClInclude Include="..\third-party\Box2D\Collision\b2TimeOfImpact.h">
      <Filter>third-party\Box2D\Collision</Filter>
    </ClInclude>
    <ClInclude Include="..\third-party\Box2D\Common\b2Settings.h">
      <Filter>third-party\Box2D\Common</Filter>
    </ClInclude>
    <ClInclude Include="..\third-party\Box2D\Common\b2StackAllocator.h">
      <Filter>third-party\Box2D\Common</Filter>
    </ClInclude>
    <ClInclude Include="..\third-party\Box2D\Common\b2Timer.h">
      <Filter>third-party\Box2D\Common</Filter>
    </ClInclude>
    <ClInclude Include="..\third-party\Box2D\Common\b2BlockAllocator.h">
      <Filter>third-party\Box2D\Common</Filter>
    </ClInclude>
    <ClInclude Include="..\third-party\Box2D\Common\b2Draw.h">
      <Filter>third-party\Box2D\Common</Filter>
    </ClInclude>
    <ClInclude Include="..\third-party\Box2D\Common\b2GrowableStack.h">
      <Filter>third-party\Box2D\Common</Filter>
    </ClInclude>
    <ClInclude Include="..\third-party\Box2D\Common\b2Math.h">
      <Filter>third-party\Box2D\Common</Filter>
    </ClInclude>
    <ClInclude Include="..\third-party\Box2D\Dynamics\Contacts\b2ContactSolver.h">
      <Filter>third-party\Box2D\Dynamics\Contacts</Filter>
    </ClInclude>
    <ClInclude Include="..\third-party\Box2D\Dynamics\Contacts\b2EdgeAndCircleContact.h">
      <Filter>third-party\Box2D\Dynamics\Contacts</Filter>
    </ClInclude>
    <ClInclude Include="..\third-party\Box2D\Dynamics\Contacts\b2EdgeAndPolygonContact.h">
      <Filter>third-party\Box2D\Dynamics\Contacts</Filter>
    </ClInclude>
    <ClInclude Include="..\third-party\Box2D\Dynamics\Contacts\b2PolygonAndCircleContact.h">
      <Filter>third-party\Box2D\Dynamics\Contacts</Filter>
    </ClInclude>
    <ClInclude Include="..\third-party\Box2D\Dynamics\Contacts\b2PolygonContact.h">
      <Filter>third-party\Box2D\Dynamics\Contacts</Filter>
    </ClInclude>
    <ClInclude Include="..\third-party\Box2D\Dynamics\Contacts\b2ChainAndCircleContact.h">
      <Filter>third-party\Box2D\Dynamics\Contacts</Filter>
    </ClInclude>
    <ClInclude Include="..\third-party\Box2D\Dynamics\Contacts\b2ChainAndPolygonContact.h">
      <Filter>third-party\Box2D\Dynamics\Contacts</Filter>
    </ClInclude>
    <ClInclude Include="..\third-party\Box2D\Dynamics\Contacts\b2CircleContact.h">
      <Filter>third-party\Box2D\Dynamics\Contacts</Filter>
    </ClInclude>
    <ClInclude Include="..\third-party\Box2D\Dynamics\Contacts\b2Contact.h">
      <Filter>third-party\Box2D\Dynamics\Contacts</Filter>
    </ClInclude>
    <ClInclude Include="..\third-party\Box2D\Dynamics\Joints\b2GearJoint.h">
      <Filter>third-party\Box2D\Dynamics\Joints</Filter>
    </ClInclude>
    <ClInclude Include="..\third-party\Box2D\Dynamics\Joints\b2Joint.h">
      <Filter>third-party\Box2D\Dynamics\Joints</Filter>
    </ClInclude>
    <ClInclude Include="..\third-party\Box2D\Dynamics\Joints\b2MotorJoint.h">
      <Filter>third-party\Box2D\Dynamics\Joints</Filter>
    </ClInclude>
    <ClInclude Include="..\third-party\Box2D\Dynamics\Joints\b2MouseJoint.h">
      <Filter>third-party\Box2D\Dynamics\Joints</Filter>
    </ClInclude>
    <ClInclude Include="..\third-party\Box2D\Dynamics\Joints\b2PrismaticJoint.h">
      <Filter>third-party\Box2D\Dynamics\Joints</Filter>
    </ClInclude>
    <ClInclude Include="..\third-party\Box2D\Dynamics\Joints\b2PulleyJoint.h">
      <Filter>third-party\Box2D\Dynamics\Joints</Filter>
    </ClInclude>
    <ClInclude Include="..\third-party\Box2D\Dynamics\Joints\b2RevoluteJoint.h">
      <Filter>third-party\Box2D\Dynamics\Joints</Filter>
    </ClInclude>
    <ClInclude Include="..\third-party\Box2D\Dynamics\Joints\b2RopeJoint.h">
      <Filter>third-party\Box2D\Dynamics\Joints</Filter>
    </ClInclude>
    <ClInclude Include="..\third-party\Box2D\Dynamics\Joints\b2WeldJoint.h">
      <Filter>third-party\Box2D\Dynamics\Joints</Filter>
    </ClInclude>
    <ClInclude Include="..\third-party\Box2D\Dynamics\Joints\b2WheelJoint.h">
      <Filter>third-party\Box2D\Dynamics\Joints</Filter>
    </ClInclude>
    <ClInclude Include="..\third-party\Box2D\Dynamics\Joints\b2DistanceJoint.h">
      <Filter>third-party\Box2D\Dynamics\Joints</Filter>
    </ClInclude>
    <ClInclude Include="..\third-party\Box2D\Dynamics\Joints\b2FrictionJoint.h">
      <Filter>third-party\Box2D\Dynamics\Joints</Filter>
    </ClInclude>
    <ClInclude Include="..\third-party\Box2D\Dynamics\b2Island.h">
      <Filter>third-party\Box2D\Dynamics</Filter>
    </ClInclude>
    <ClInclude Include="..\third-party\Box2D\Dynamics\b2TimeStep.h">
      <Filter>third-party\Box2D\Dynamics</Filter>
    </ClInclude>
    <ClInclude Include="..\third-party\Box2D\Dynamics\b2World.h">
      <Filter>third-party\Box2D\Dynamics</Filter>
    </ClInclude>
    <ClInclude Include="..\third-party\Box2D\Dynamics\b2WorldCallbacks.h">
      <Filter>third-party\Box2D\Dynamics</Filter>
    </ClInclude>
    <ClInclude Include="..\third-party\Box2D\Dynamics\b2Body.h">
      <Filter>third-party\Box2D\Dynamics</Filter>
    </ClInclude>
    <ClInclude Include="..\third-party\Box2D\Dynamics\b2ContactManager.h">
      <Filter>third-party\Box2D\Dynamics</Filter>
    </ClInclude>
    <ClInclude Include="..\third-party\Box2D\Dynamics\b2Fixture.h">
      <Filter>third-party\Box2D\Dynamics</Filter>
    </ClInclude>
    <ClInclude Include="..\src\Core\Event\EventWh.h">
      <Filter>src\Core\Event</Filter>
    </ClInclude>
    <ClInclude Include="..\src\Game\Component\RenderCom.h">
      <Filter>src\Game\Component</Filter>
    </ClInclude>
    <ClInclude Include="..\src\Game\Component\MoveCom.h">
      <Filter>src\Game\Component</Filter>
    </ClInclude>
    <ClInclude Include="..\src\Game\common.h">
      <Filter>src\Game</Filter>
    </ClInclude>
    <ClInclude Include="..\src\Game\System\RenderSystem.h">
      <Filter>src\Game\System</Filter>
    </ClInclude>
    <ClInclude Include="..\src\Game\Component\CollectionCom.h">
      <Filter>src\Game\Component</Filter>
    </ClInclude>
    <ClInclude Include="..\third-party\rapidjson\allocators.h">
      <Filter>third-party\rapidjson</Filter>
    </ClInclude>
    <ClInclude Include="..\third-party\rapidjson\document.h">
      <Filter>third-party\rapidjson</Filter>
    </ClInclude>
    <ClInclude Include="..\third-party\rapidjson\encodedstream.h">
      <Filter>third-party\rapidjson</Filter>
    </ClInclude>
    <ClInclude Include="..\third-party\rapidjson\encodings.h">
      <Filter>third-party\rapidjson</Filter>
    </ClInclude>
    <ClInclude Include="..\third-party\rapidjson\filereadstream.h">
      <Filter>third-party\rapidjson</Filter>
    </ClInclude>
    <ClInclude Include="..\third-party\rapidjson\filewritestream.h">
      <Filter>third-party\rapidjson</Filter>
    </ClInclude>
    <ClInclude Include="..\third-party\rapidjson\fwd.h">
      <Filter>third-party\rapidjson</Filter>
    </ClInclude>
    <ClInclude Include="..\third-party\rapidjson\istreamwrapper.h">
      <Filter>third-party\rapidjson</Filter>
    </ClInclude>
    <ClInclude Include="..\third-party\rapidjson\memorybuffer.h">
      <Filter>third-party\rapidjson</Filter>
    </ClInclude>
    <ClInclude Include="..\third-party\rapidjson\memorystream.h">
      <Filter>third-party\rapidjson</Filter>
    </ClInclude>
    <ClInclude Include="..\third-party\rapidjson\ostreamwrapper.h">
      <Filter>third-party\rapidjson</Filter>
    </ClInclude>
    <ClInclude Include="..\third-party\rapidjson\pointer.h">
      <Filter>third-party\rapidjson</Filter>
    </ClInclude>
    <ClInclude Include="..\third-party\rapidjson\prettywriter.h">
      <Filter>third-party\rapidjson</Filter>
    </ClInclude>
    <ClInclude Include="..\third-party\rapidjson\rapidjson.h">
      <Filter>third-party\rapidjson</Filter>
    </ClInclude>
    <ClInclude Include="..\third-party\rapidjson\reader.h">
      <Filter>third-party\rapidjson</Filter>
    </ClInclude>
    <ClInclude Include="..\third-party\rapidjson\schema.h">
      <Filter>third-party\rapidjson</Filter>
    </ClInclude>
    <ClInclude Include="..\third-party\rapidjson\stream.h">
      <Filter>third-party\rapidjson</Filter>
    </ClInclude>
    <ClInclude Include="..\third-party\rapidjson\stringbuffer.h">
      <Filter>third-party\rapidjson</Filter>
    </ClInclude>
    <ClInclude Include="..\third-party\rapidjson\writer.h">
      <Filter>third-party\rapidjson</Filter>
    </ClInclude>
    <ClInclude Include="..\third-party\rapidjson\error\en.h">
      <Filter>third-party\rapidjson\error</Filter>
    </ClInclude>
    <ClInclude Include="..\third-party\rapidjson\error\error.h">
      <Filter>third-party\rapidjson\error</Filter>
    </ClInclude>
    <ClInclude Include="..\third-party\rapidjson\internal\dtoa.h">
      <Filter>third-party\rapidjson\internal</Filter>
    </ClInclude>
    <ClInclude Include="..\third-party\rapidjson\internal\ieee754.h">
      <Filter>third-party\rapidjson\internal</Filter>
    </ClInclude>
    <ClInclude Include="..\third-party\rapidjson\internal\itoa.h">
      <Filter>third-party\rapidjson\internal</Filter>
    </ClInclude>
    <ClInclude Include="..\third-party\rapidjson\internal\meta.h">
      <Filter>third-party\rapidjson\internal</Filter>
    </ClInclude>
    <ClInclude Include="..\third-party\rapidjson\internal\pow10.h">
      <Filter>third-party\rapidjson\internal</Filter>
    </ClInclude>
    <ClInclude Include="..\third-party\rapidjson\internal\regex.h">
      <Filter>third-party\rapidjson\internal</Filter>
    </ClInclude>
    <ClInclude Include="..\third-party\rapidjson\internal\stack.h">
      <Filter>third-party\rapidjson\internal</Filter>
    </ClInclude>
    <ClInclude Include="..\third-party\rapidjson\internal\strfunc.h">
      <Filter>third-party\rapidjson\internal</Filter>
    </ClInclude>
    <ClInclude Include="..\third-party\rapidjson\internal\strtod.h">
      <Filter>third-party\rapidjson\internal</Filter>
    </ClInclude>
    <ClInclude Include="..\third-party\rapidjson\internal\swap.h">
      <Filter>third-party\rapidjson\internal</Filter>
    </ClInclude>
    <ClInclude Include="..\third-party\rapidjson\internal\biginteger.h">
      <Filter>third-party\rapidjson\internal</Filter>
    </ClInclude>
    <ClInclude Include="..\third-party\rapidjson\internal\diyfp.h">
      <Filter>third-party\rapidjson\internal</Filter>
    </ClInclude>
    <ClInclude Include="..\third-party\rapidjson\msinttypes\stdint.h">
      <Filter>third-party\rapidjson\msinttypes</Filter>
    </ClInclude>
    <ClInclude Include="..\third-party\rapidjson\msinttypes\inttypes.h">
      <Filter>third-party\rapidjson\msinttypes</Filter>
    </ClInclude>
    <ClInclude Include="..\src\Game\System\CollectionSystem.h">
      <Filter>src\Game\System</Filter>
    </ClInclude>
    <ClInclude Include="..\src\Game\System\MoveSystem.h">
      <Filter>src\Game\System</Filter>
    </ClInclude>
    <ClInclude Include="..\src\Game\System\InputSystem.h">
      <Filter>src\Game\System</Filter>
    </ClInclude>
  </ItemGroup>
</Project>