<?xml version="1.0" encoding="utf-8"?>
<Project ToolsVersion="4.0" xmlns="http://schemas.microsoft.com/developer/msbuild/2003">
  <ItemGroup>
    <Filter Include="src">
      <UniqueIdentifier>{d32f49a1-4945-4fad-809b-a53172b22742}</UniqueIdentifier>
    </Filter>
    <Filter Include="src\Core">
      <UniqueIdentifier>{850e9bc6-3539-4258-b9e7-0fb77689e267}</UniqueIdentifier>
    </Filter>
    <Filter Include="src\Game">
      <UniqueIdentifier>{7e7c2c67-0a3c-47aa-9094-88bf95a5d875}</UniqueIdentifier>
    </Filter>
    <Filter Include="src\Core\ECS">
      <UniqueIdentifier>{ea5f6977-752c-4019-b68f-0070aa7800ee}</UniqueIdentifier>
    </Filter>
    <Filter Include="src\Core\Game">
      <UniqueIdentifier>{3d9c42d6-9b3a-4d58-acae-66cd0772e42f}</UniqueIdentifier>
    </Filter>
    <Filter Include="src\Core\GameState">
      <UniqueIdentifier>{271e9703-3937-4b9b-9a52-3bd303e8b390}</UniqueIdentifier>
    </Filter>
    <Filter Include="src\Core\Logger">
      <UniqueIdentifier>{d2f54051-18cc-42b9-98a1-1693b161eca4}</UniqueIdentifier>
    </Filter>
    <Filter Include="src\Core\Math">
      <UniqueIdentifier>{1e1f494e-d4c6-4805-963e-45ad1df4eb7f}</UniqueIdentifier>
    </Filter>
    <Filter Include="src\Game\Component">
      <UniqueIdentifier>{0fcd0dcc-c0bb-4a4c-8a84-7834c6e04334}</UniqueIdentifier>
    </Filter>
    <Filter Include="src\Game\GameState">
      <UniqueIdentifier>{f1e3e772-2f51-4739-b8ac-cc9583c4ff4b}</UniqueIdentifier>
    </Filter>
    <Filter Include="src\Game\System">
      <UniqueIdentifier>{9feb9709-9b3f-47b9-98c9-bdbc71f52924}</UniqueIdentifier>
    </Filter>
    <Filter Include="src\Game\Entity">
      <UniqueIdentifier>{7788f81c-d798-49cd-b3bd-02b77fbe5687}</UniqueIdentifier>
    </Filter>
    <Filter Include="src\Core\Grapics">
      <UniqueIdentifier>{1daa617c-60a6-45dc-9843-116bc4baff4a}</UniqueIdentifier>
    </Filter>
    <Filter Include="src\Core\Base">
      <UniqueIdentifier>{a2aa826b-8a24-4266-8629-035cb49f6187}</UniqueIdentifier>
    </Filter>
  </ItemGroup>
  <ItemGroup>
    <ClCompile Include="main.cpp" />
    <ClCompile Include="..\src\Core\ECS\EntityFu.cpp">
      <Filter>src\Core\ECS</Filter>
    </ClCompile>
    <ClCompile Include="..\src\Core\Game\Game.cpp">
      <Filter>src\Core\Game</Filter>
    </ClCompile>
    <ClCompile Include="..\src\Core\GameState\GameStateManager.cpp">
      <Filter>src\Core\GameState</Filter>
    </ClCompile>
    <ClCompile Include="..\src\Core\GameState\GameState.cpp">
      <Filter>src\Core\GameState</Filter>
    </ClCompile>
    <ClCompile Include="..\src\Core\Logger\Logger.cpp">
      <Filter>src\Core\Logger</Filter>
    </ClCompile>
    <ClCompile Include="..\src\Core\Math\Rect.cpp">
      <Filter>src\Core\Math</Filter>
    </ClCompile>
    <ClCompile Include="..\src\Core\Math\Size.cpp">
      <Filter>src\Core\Math</Filter>
    </ClCompile>
    <ClCompile Include="..\src\Core\Math\Vector.cpp">
      <Filter>src\Core\Math</Filter>
    </ClCompile>
    <ClCompile Include="..\src\Game\GameState\TestState.cpp">
      <Filter>src\Game\GameState</Filter>
    </ClCompile>
    <ClCompile Include="..\src\Game\System\System.cpp">
      <Filter>src\Game\System</Filter>
    </ClCompile>
    <ClCompile Include="..\src\Core\Grapics\Sprite.cpp">
      <Filter>src\Core\Grapics</Filter>
    </ClCompile>
    <ClCompile Include="..\src\Game\System\SpriteSystem.cpp">
      <Filter>src\Game\System</Filter>
    </ClCompile>
    <ClCompile Include="..\src\Game\Component\ComDefine.cpp">
      <Filter>src\Game\Component</Filter>
    </ClCompile>
  </ItemGroup>
  <ItemGroup>
    <None Include="packages.config" />
  </ItemGroup>
  <ItemGroup>
    <ClInclude Include="..\src\Core\ECS\EntityFu.h">
      <Filter>src\Core\ECS</Filter>
    </ClInclude>
    <ClInclude Include="..\src\Core\Game\Game.h">
      <Filter>src\Core\Game</Filter>
    </ClInclude>
    <ClInclude Include="..\src\Core\GameState\GameStateManager.h">
      <Filter>src\Core\GameState</Filter>
    </ClInclude>
    <ClInclude Include="..\src\Core\GameState\GameState.h">
      <Filter>src\Core\GameState</Filter>
    </ClInclude>
    <ClInclude Include="..\src\Core\Logger\Logger.h">
      <Filter>src\Core\Logger</Filter>
    </ClInclude>
    <ClInclude Include="..\src\Core\Math\Vector.h">
      <Filter>src\Core\Math</Filter>
    </ClInclude>
    <ClInclude Include="..\src\Core\Math\Rect.h">
      <Filter>src\Core\Math</Filter>
    </ClInclude>
    <ClInclude Include="..\src\Core\Math\Size.h">
      <Filter>src\Core\Math</Filter>
    </ClInclude>
    <ClInclude Include="..\src\Game\GameState\TestState.h">
      <Filter>src\Game\GameState</Filter>
    </ClInclude>
    <ClInclude Include="..\src\Game\System\System.h">
      <Filter>src\Game\System</Filter>
    </ClInclude>
    <ClInclude Include="..\src\Core\Base\utils.h">
      <Filter>src\Core\Base</Filter>
    </ClInclude>
    <ClInclude Include="..\src\Core\Grapics\Sprite.h">
      <Filter>src\Core\Grapics</Filter>
    </ClInclude>
    <ClInclude Include="..\src\Game\Component\ComDefine.h">
      <Filter>src\Game\Component</Filter>
    </ClInclude>
    <ClInclude Include="..\src\Game\Component\SpriteCom.h">
      <Filter>src\Game\Component</Filter>
    </ClInclude>
    <ClInclude Include="..\src\Game\System\SpriteSystem.h">
      <Filter>src\Game\System</Filter>
    </ClInclude>
  </ItemGroup>
</Project>